
Microsoft Visual Studio Solution File, Format Version 12.00
# Visual Studio Version 16
VisualStudioVersion = 16.0.30611.23
MinimumVisualStudioVersion = 10.0.40219.1
Project("{FAE04EC0-301F-11D3-BF4B-00C04F79EFBC}") = "PedaleaDAO", "PedaleaDAO\PedaleaDAO.csproj", "{4A665346-DCED-4487-8374-5A60D6610968}"
EndProject
Project("{FAE04EC0-301F-11D3-BF4B-00C04F79EFBC}") = "PedaleaService", "PedaleaService\PedaleaService.csproj", "{B1B7265C-E092-4456-B422-03680647678C}"
EndProject
Project("{FAE04EC0-301F-11D3-BF4B-00C04F79EFBC}") = "PedaleaBussiness", "PedaleaBussiness\PedaleaBussiness.csproj", "{089EABC2-CBFC-4541-A3D0-B9A768F21742}"
EndProject
Project("{FAE04EC0-301F-11D3-BF4B-00C04F79EFBC}") = "PedaleaApi", "PedaleaApi\PedaleaApi.csproj", "{DD2371E4-0AE5-4900-9063-C7EB66F50558}"
EndProject
Project("{FAE04EC0-301F-11D3-BF4B-00C04F79EFBC}") = "PedaleaWeb", "PedaleaWeb\PedaleaWeb.csproj", "{70668607-1779-479E-A9F1-ED5CE2B06463}"
EndProject
Global
	GlobalSection(SolutionConfigurationPlatforms) = preSolution
		Debug|Any CPU = Debug|Any CPU
		Release|Any CPU = Release|Any CPU
	EndGlobalSection
	GlobalSection(ProjectConfigurationPlatforms) = postSolution
		{4A665346-DCED-4487-8374-5A60D6610968}.Debug|Any CPU.ActiveCfg = Debug|Any CPU
		{4A665346-DCED-4487-8374-5A60D6610968}.Debug|Any CPU.Build.0 = Debug|Any CPU
		{4A665346-DCED-4487-8374-5A60D6610968}.Release|Any CPU.ActiveCfg = Release|Any CPU
		{4A665346-DCED-4487-8374-5A60D6610968}.Release|Any CPU.Build.0 = Release|Any CPU
		{B1B7265C-E092-4456-B422-03680647678C}.Debug|Any CPU.ActiveCfg = Debug|Any CPU
		{B1B7265C-E092-4456-B422-03680647678C}.Debug|Any CPU.Build.0 = Debug|Any CPU
		{B1B7265C-E092-4456-B422-03680647678C}.Release|Any CPU.ActiveCfg = Release|Any CPU
		{B1B7265C-E092-4456-B422-03680647678C}.Release|Any CPU.Build.0 = Release|Any CPU
		{089EABC2-CBFC-4541-A3D0-B9A768F21742}.Debug|Any CPU.ActiveCfg = Debug|Any CPU
		{089EABC2-CBFC-4541-A3D0-B9A768F21742}.Debug|Any CPU.Build.0 = Debug|Any CPU
		{089EABC2-CBFC-4541-A3D0-B9A768F21742}.Release|Any CPU.ActiveCfg = Release|Any CPU
		{089EABC2-CBFC-4541-A3D0-B9A768F21742}.Release|Any CPU.Build.0 = Release|Any CPU
		{DD2371E4-0AE5-4900-9063-C7EB66F50558}.Debug|Any CPU.ActiveCfg = Debug|Any CPU
		{DD2371E4-0AE5-4900-9063-C7EB66F50558}.Debug|Any CPU.Build.0 = Debug|Any CPU
		{DD2371E4-0AE5-4900-9063-C7EB66F50558}.Release|Any CPU.ActiveCfg = Release|Any CPU
		{DD2371E4-0AE5-4900-9063-C7EB66F50558}.Release|Any CPU.Build.0 = Release|Any CPU
		{70668607-1779-479E-A9F1-ED5CE2B06463}.Debug|Any CPU.ActiveCfg = Debug|Any CPU
		{70668607-1779-479E-A9F1-ED5CE2B06463}.Debug|Any CPU.Build.0 = Debug|Any CPU
		{70668607-1779-479E-A9F1-ED5CE2B06463}.Release|Any CPU.ActiveCfg = Release|Any CPU
		{70668607-1779-479E-A9F1-ED5CE2B06463}.Release|Any CPU.Build.0 = Release|Any CPU
	EndGlobalSection
	GlobalSection(SolutionProperties) = preSolution
		HideSolutionNode = FALSE
	EndGlobalSection
	GlobalSection(ExtensibilityGlobals) = postSolution
		SolutionGuid = {52D3958B-2F89-49A3-B106-8268CA1CE3D5}
	EndGlobalSection
EndGlobal
